// !$*UTF8*$!
{
	archiveVersion = 1;
	classes = {
	};
	objectVersion = 50;
	objects = {

/* Begin PBXBuildFile section */
		67C9F9E026A62816009140E8 /* AppDelegate.swift in Sources */ = {isa = PBXBuildFile; fileRef = 67C9F9DF26A62816009140E8 /* AppDelegate.swift */; };
		67C9F9E226A62816009140E8 /* SceneDelegate.swift in Sources */ = {isa = PBXBuildFile; fileRef = 67C9F9E126A62816009140E8 /* SceneDelegate.swift */; };
		67C9F9E726A62816009140E8 /* Main.storyboard in Resources */ = {isa = PBXBuildFile; fileRef = 67C9F9E526A62816009140E8 /* Main.storyboard */; };
		67C9F9E926A62817009140E8 /* Assets.xcassets in Resources */ = {isa = PBXBuildFile; fileRef = 67C9F9E826A62817009140E8 /* Assets.xcassets */; };
		67C9F9EC26A62817009140E8 /* LaunchScreen.storyboard in Resources */ = {isa = PBXBuildFile; fileRef = 67C9F9EA26A62817009140E8 /* LaunchScreen.storyboard */; };
		67C9F9FD26A62C2D009140E8 /* Event.swift in Sources */ = {isa = PBXBuildFile; fileRef = 67C9F9FC26A62C2D009140E8 /* Event.swift */; };
		67C9FA0026A64441009140E8 /* SeatGeekEndpoint.swift in Sources */ = {isa = PBXBuildFile; fileRef = 67C9F9FF26A64441009140E8 /* SeatGeekEndpoint.swift */; };
		67C9FA0226A64684009140E8 /* EventListTableViewController.swift in Sources */ = {isa = PBXBuildFile; fileRef = 67C9FA0126A64684009140E8 /* EventListTableViewController.swift */; };
		67C9FA0426A646C0009140E8 /* EventTableViewCell.swift in Sources */ = {isa = PBXBuildFile; fileRef = 67C9FA0326A646C0009140E8 /* EventTableViewCell.swift */; };
		67C9FA0626A65182009140E8 /* EventController.swift in Sources */ = {isa = PBXBuildFile; fileRef = 67C9FA0526A65182009140E8 /* EventController.swift */; };
		67C9FA0926A65389009140E8 /* EventError.swift in Sources */ = {isa = PBXBuildFile; fileRef = 67C9FA0826A65389009140E8 /* EventError.swift */; };
/* End PBXBuildFile section */

/* Begin PBXFileReference section */
		67C9F9DC26A62816009140E8 /* SeatGeek-CodingChallenge.app */ = {isa = PBXFileReference; explicitFileType = wrapper.application; includeInIndex = 0; path = "SeatGeek-CodingChallenge.app"; sourceTree = BUILT_PRODUCTS_DIR; };
		67C9F9DF26A62816009140E8 /* AppDelegate.swift */ = {isa = PBXFileReference; lastKnownFileType = sourcecode.swift; path = AppDelegate.swift; sourceTree = "<group>"; };
		67C9F9E126A62816009140E8 /* SceneDelegate.swift */ = {isa = PBXFileReference; lastKnownFileType = sourcecode.swift; path = SceneDelegate.swift; sourceTree = "<group>"; };
		67C9F9E626A62816009140E8 /* Base */ = {isa = PBXFileReference; lastKnownFileType = file.storyboard; name = Base; path = Base.lproj/Main.storyboard; sourceTree = "<group>"; };
		67C9F9E826A62817009140E8 /* Assets.xcassets */ = {isa = PBXFileReference; lastKnownFileType = folder.assetcatalog; path = Assets.xcassets; sourceTree = "<group>"; };
		67C9F9EB26A62817009140E8 /* Base */ = {isa = PBXFileReference; lastKnownFileType = file.storyboard; name = Base; path = Base.lproj/LaunchScreen.storyboard; sourceTree = "<group>"; };
		67C9F9ED26A62817009140E8 /* Info.plist */ = {isa = PBXFileReference; lastKnownFileType = text.plist.xml; path = Info.plist; sourceTree = "<group>"; };
		67C9F9FC26A62C2D009140E8 /* Event.swift */ = {isa = PBXFileReference; lastKnownFileType = sourcecode.swift; path = Event.swift; sourceTree = "<group>"; };
		67C9F9FF26A64441009140E8 /* SeatGeekEndpoint.swift */ = {isa = PBXFileReference; lastKnownFileType = sourcecode.swift; path = SeatGeekEndpoint.swift; sourceTree = "<group>"; };
		67C9FA0126A64684009140E8 /* EventListTableViewController.swift */ = {isa = PBXFileReference; lastKnownFileType = sourcecode.swift; path = EventListTableViewController.swift; sourceTree = "<group>"; };
		67C9FA0326A646C0009140E8 /* EventTableViewCell.swift */ = {isa = PBXFileReference; lastKnownFileType = sourcecode.swift; path = EventTableViewCell.swift; sourceTree = "<group>"; };
		67C9FA0526A65182009140E8 /* EventController.swift */ = {isa = PBXFileReference; lastKnownFileType = sourcecode.swift; path = EventController.swift; sourceTree = "<group>"; };
		67C9FA0826A65389009140E8 /* EventError.swift */ = {isa = PBXFileReference; lastKnownFileType = sourcecode.swift; path = EventError.swift; sourceTree = "<group>"; };
/* End PBXFileReference section */

/* Begin PBXFrameworksBuildPhase section */
		67C9F9D926A62816009140E8 /* Frameworks */ = {
			isa = PBXFrameworksBuildPhase;
			buildActionMask = 2147483647;
			files = (
			);
			runOnlyForDeploymentPostprocessing = 0;
		};
/* End PBXFrameworksBuildPhase section */

/* Begin PBXGroup section */
		67C9F9D326A62816009140E8 = {
			isa = PBXGroup;
			children = (
				67C9F9DE26A62816009140E8 /* SeatGeek-CodingChallenge */,
				67C9F9DD26A62816009140E8 /* Products */,
			);
			sourceTree = "<group>";
		};
		67C9F9DD26A62816009140E8 /* Products */ = {
			isa = PBXGroup;
			children = (
				67C9F9DC26A62816009140E8 /* SeatGeek-CodingChallenge.app */,
			);
			name = Products;
			sourceTree = "<group>";
		};
		67C9F9DE26A62816009140E8 /* SeatGeek-CodingChallenge */ = {
			isa = PBXGroup;
			children = (
				67C9F9F426A628A0009140E8 /* Models */,
				67C9F9FE26A64415009140E8 /* Services */,
				67C9F9F526A628B2009140E8 /* Views */,
				67C9F9F626A628BC009140E8 /* Controllers */,
				67C9F9F326A62895009140E8 /* Resources */,
			);
			path = "SeatGeek-CodingChallenge";
			sourceTree = "<group>";
		};
		67C9F9F326A62895009140E8 /* Resources */ = {
			isa = PBXGroup;
			children = (
				67C9FA0726A6536C009140E8 /* Helper and Extension */,
				67C9F9DF26A62816009140E8 /* AppDelegate.swift */,
				67C9F9E126A62816009140E8 /* SceneDelegate.swift */,
				67C9F9E826A62817009140E8 /* Assets.xcassets */,
				67C9F9ED26A62817009140E8 /* Info.plist */,
			);
			path = Resources;
			sourceTree = "<group>";
		};
		67C9F9F426A628A0009140E8 /* Models */ = {
			isa = PBXGroup;
			children = (
				67C9F9FC26A62C2D009140E8 /* Event.swift */,
			);
			path = Models;
			sourceTree = "<group>";
		};
		67C9F9F526A628B2009140E8 /* Views */ = {
			isa = PBXGroup;
			children = (
				67C9F9F926A6290F009140E8 /* Storyboards */,
				67C9F9FA26A62915009140E8 /* CustomCells */,
			);
			path = Views;
			sourceTree = "<group>";
		};
		67C9F9F626A628BC009140E8 /* Controllers */ = {
			isa = PBXGroup;
			children = (
				67C9F9F826A628F2009140E8 /* View Controllers */,
				67C9F9F726A628EB009140E8 /* Model Controllers */,
			);
			path = Controllers;
			sourceTree = "<group>";
		};
		67C9F9F726A628EB009140E8 /* Model Controllers */ = {
			isa = PBXGroup;
			children = (
				67C9FA0526A65182009140E8 /* EventController.swift */,
			);
			path = "Model Controllers";
			sourceTree = "<group>";
		};
		67C9F9F826A628F2009140E8 /* View Controllers */ = {
			isa = PBXGroup;
			children = (
				67C9FA0126A64684009140E8 /* EventListTableViewController.swift */,
			);
			path = "View Controllers";
			sourceTree = "<group>";
		};
		67C9F9F926A6290F009140E8 /* Storyboards */ = {
			isa = PBXGroup;
			children = (
				67C9F9E526A62816009140E8 /* Main.storyboard */,
				67C9F9EA26A62817009140E8 /* LaunchScreen.storyboard */,
			);
			path = Storyboards;
			sourceTree = "<group>";
		};
		67C9F9FA26A62915009140E8 /* CustomCells */ = {
			isa = PBXGroup;
			children = (
				67C9FA0326A646C0009140E8 /* EventTableViewCell.swift */,
			);
			path = CustomCells;
			sourceTree = "<group>";
		};
		67C9F9FE26A64415009140E8 /* Services */ = {
			isa = PBXGroup;
			children = (
				67C9F9FF26A64441009140E8 /* SeatGeekEndpoint.swift */,
			);
			path = Services;
			sourceTree = "<group>";
		};
		67C9FA0726A6536C009140E8 /* Helper and Extension */ = {
			isa = PBXGroup;
			children = (
				67C9FA0826A65389009140E8 /* EventError.swift */,
			);
			path = "Helper and Extension";
			sourceTree = "<group>";
		};
/* End PBXGroup section */

/* Begin PBXNativeTarget section */
		67C9F9DB26A62816009140E8 /* SeatGeek-CodingChallenge */ = {
			isa = PBXNativeTarget;
			buildConfigurationList = 67C9F9F026A62817009140E8 /* Build configuration list for PBXNativeTarget "SeatGeek-CodingChallenge" */;
			buildPhases = (
				67C9F9D826A62816009140E8 /* Sources */,
				67C9F9D926A62816009140E8 /* Frameworks */,
				67C9F9DA26A62816009140E8 /* Resources */,
			);
			buildRules = (
			);
			dependencies = (
			);
			name = "SeatGeek-CodingChallenge";
			productName = "SeatGeek-CodingChallenge";
			productReference = 67C9F9DC26A62816009140E8 /* SeatGeek-CodingChallenge.app */;
			productType = "com.apple.product-type.application";
		};
/* End PBXNativeTarget section */

/* Begin PBXProject section */
		67C9F9D426A62816009140E8 /* Project object */ = {
			isa = PBXProject;
			attributes = {
				LastSwiftUpdateCheck = 1250;
				LastUpgradeCheck = 1250;
				TargetAttributes = {
					67C9F9DB26A62816009140E8 = {
						CreatedOnToolsVersion = 12.5.1;
					};
				};
			};
			buildConfigurationList = 67C9F9D726A62816009140E8 /* Build configuration list for PBXProject "SeatGeek-CodingChallenge" */;
			compatibilityVersion = "Xcode 9.3";
			developmentRegion = en;
			hasScannedForEncodings = 0;
			knownRegions = (
				en,
				Base,
			);
			mainGroup = 67C9F9D326A62816009140E8;
			productRefGroup = 67C9F9DD26A62816009140E8 /* Products */;
			projectDirPath = "";
			projectRoot = "";
			targets = (
				67C9F9DB26A62816009140E8 /* SeatGeek-CodingChallenge */,
			);
		};
/* End PBXProject section */

/* Begin PBXResourcesBuildPhase section */
		67C9F9DA26A62816009140E8 /* Resources */ = {
			isa = PBXResourcesBuildPhase;
			buildActionMask = 2147483647;
			files = (
				67C9F9EC26A62817009140E8 /* LaunchScreen.storyboard in Resources */,
				67C9F9E926A62817009140E8 /* Assets.xcassets in Resources */,
				67C9F9E726A62816009140E8 /* Main.storyboard in Resources */,
			);
			runOnlyForDeploymentPostprocessing = 0;
		};
/* End PBXResourcesBuildPhase section */

/* Begin PBXSourcesBuildPhase section */
		67C9F9D826A62816009140E8 /* Sources */ = {
			isa = PBXSourcesBuildPhase;
			buildActionMask = 2147483647;
			files = (
				67C9FA0426A646C0009140E8 /* EventTableViewCell.swift in Sources */,
				67C9F9E026A62816009140E8 /* AppDelegate.swift in Sources */,
				67C9FA0226A64684009140E8 /* EventListTableViewController.swift in Sources */,
				67C9F9FD26A62C2D009140E8 /* Event.swift in Sources */,
				67C9F9E226A62816009140E8 /* SceneDelegate.swift in Sources */,
				67C9FA0626A65182009140E8 /* EventController.swift in Sources */,
				67C9FA0026A64441009140E8 /* SeatGeekEndpoint.swift in Sources */,
				67C9FA0926A65389009140E8 /* EventError.swift in Sources */,
			);
			runOnlyForDeploymentPostprocessing = 0;
		};
/* End PBXSourcesBuildPhase section */

/* Begin PBXVariantGroup section */
		67C9F9E526A62816009140E8 /* Main.storyboard */ = {
			isa = PBXVariantGroup;
			children = (
				67C9F9E626A62816009140E8 /* Base */,
			);
			name = Main.storyboard;
			sourceTree = "<group>";
		};
		67C9F9EA26A62817009140E8 /* LaunchScreen.storyboard */ = {
			isa = PBXVariantGroup;
			children = (
				67C9F9EB26A62817009140E8 /* Base */,
			);
			name = LaunchScreen.storyboard;
			sourceTree = "<group>";
		};
/* End PBXVariantGroup section */

/* Begin XCBuildConfiguration section */
		67C9F9EE26A62817009140E8 /* Debug */ = {
			isa = XCBuildConfiguration;
			buildSettings = {
				ALWAYS_SEARCH_USER_PATHS = NO;
				CLANG_ANALYZER_NONNULL = YES;
				CLANG_ANALYZER_NUMBER_OBJECT_CONVERSION = YES_AGGRESSIVE;
				CLANG_CXX_LANGUAGE_STANDARD = "gnu++14";
				CLANG_CXX_LIBRARY = "libc++";
				CLANG_ENABLE_MODULES = YES;
				CLANG_ENABLE_OBJC_ARC = YES;
				CLANG_ENABLE_OBJC_WEAK = YES;
				CLANG_WARN_BLOCK_CAPTURE_AUTORELEASING = YES;
				CLANG_WARN_BOOL_CONVERSION = YES;
				CLANG_WARN_COMMA = YES;
				CLANG_WARN_CONSTANT_CONVERSION = YES;
				CLANG_WARN_DEPRECATED_OBJC_IMPLEMENTATIONS = YES;
				CLANG_WARN_DIRECT_OBJC_ISA_USAGE = YES_ERROR;
				CLANG_WARN_DOCUMENTATION_COMMENTS = YES;
				CLANG_WARN_EMPTY_BODY = YES;
				CLANG_WARN_ENUM_CONVERSION = YES;
				CLANG_WARN_INFINITE_RECURSION = YES;
				CLANG_WARN_INT_CONVERSION = YES;
				CLANG_WARN_NON_LITERAL_NULL_CONVERSION = YES;
				CLANG_WARN_OBJC_IMPLICIT_RETAIN_SELF = YES;
				CLANG_WARN_OBJC_LITERAL_CONVERSION = YES;
				CLANG_WARN_OBJC_ROOT_CLASS = YES_ERROR;
				CLANG_WARN_QUOTED_INCLUDE_IN_FRAMEWORK_HEADER = YES;
				CLANG_WARN_RANGE_LOOP_ANALYSIS = YES;
				CLANG_WARN_STRICT_PROTOTYPES = YES;
				CLANG_WARN_SUSPICIOUS_MOVE = YES;
				CLANG_WARN_UNGUARDED_AVAILABILITY = YES_AGGRESSIVE;
				CLANG_WARN_UNREACHABLE_CODE = YES;
				CLANG_WARN__DUPLICATE_METHOD_MATCH = YES;
				COPY_PHASE_STRIP = NO;
				DEBUG_INFORMATION_FORMAT = dwarf;
				ENABLE_STRICT_OBJC_MSGSEND = YES;
				ENABLE_TESTABILITY = YES;
				GCC_C_LANGUAGE_STANDARD = gnu11;
				GCC_DYNAMIC_NO_PIC = NO;
				GCC_NO_COMMON_BLOCKS = YES;
				GCC_OPTIMIZATION_LEVEL = 0;
				GCC_PREPROCESSOR_DEFINITIONS = (
					"DEBUG=1",
					"$(inherited)",
				);
				GCC_WARN_64_TO_32_BIT_CONVERSION = YES;
				GCC_WARN_ABOUT_RETURN_TYPE = YES_ERROR;
				GCC_WARN_UNDECLARED_SELECTOR = YES;
				GCC_WARN_UNINITIALIZED_AUTOS = YES_AGGRESSIVE;
				GCC_WARN_UNUSED_FUNCTION = YES;
				GCC_WARN_UNUSED_VARIABLE = YES;
				IPHONEOS_DEPLOYMENT_TARGET = 14.5;
				MTL_ENABLE_DEBUG_INFO = INCLUDE_SOURCE;
				MTL_FAST_MATH = YES;
				ONLY_ACTIVE_ARCH = YES;
				SDKROOT = iphoneos;
				SWIFT_ACTIVE_COMPILATION_CONDITIONS = DEBUG;
				SWIFT_OPTIMIZATION_LEVEL = "-Onone";
			};
			name = Debug;
		};
		67C9F9EF26A62817009140E8 /* Release */ = {
			isa = XCBuildConfiguration;
			buildSettings = {
				ALWAYS_SEARCH_USER_PATHS = NO;
				CLANG_ANALYZER_NONNULL = YES;
				CLANG_ANALYZER_NUMBER_OBJECT_CONVERSION = YES_AGGRESSIVE;
				CLANG_CXX_LANGUAGE_STANDARD = "gnu++14";
				CLANG_CXX_LIBRARY = "libc++";
				CLANG_ENABLE_MODULES = YES;
				CLANG_ENABLE_OBJC_ARC = YES;
				CLANG_ENABLE_OBJC_WEAK = YES;
				CLANG_WARN_BLOCK_CAPTURE_AUTORELEASING = YES;
				CLANG_WARN_BOOL_CONVERSION = YES;
				CLANG_WARN_COMMA = YES;
				CLANG_WARN_CONSTANT_CONVERSION = YES;
				CLANG_WARN_DEPRECATED_OBJC_IMPLEMENTATIONS = YES;
				CLANG_WARN_DIRECT_OBJC_ISA_USAGE = YES_ERROR;
				CLANG_WARN_DOCUMENTATION_COMMENTS = YES;
				CLANG_WARN_EMPTY_BODY = YES;
				CLANG_WARN_ENUM_CONVERSION = YES;
				CLANG_WARN_INFINITE_RECURSION = YES;
				CLANG_WARN_INT_CONVERSION = YES;
				CLANG_WARN_NON_LITERAL_NULL_CONVERSION = YES;
				CLANG_WARN_OBJC_IMPLICIT_RETAIN_SELF = YES;
				CLANG_WARN_OBJC_LITERAL_CONVERSION = YES;
				CLANG_WARN_OBJC_ROOT_CLASS = YES_ERROR;
				CLANG_WARN_QUOTED_INCLUDE_IN_FRAMEWORK_HEADER = YES;
				CLANG_WARN_RANGE_LOOP_ANALYSIS = YES;
				CLANG_WARN_STRICT_PROTOTYPES = YES;
				CLANG_WARN_SUSPICIOUS_MOVE = YES;
				CLANG_WARN_UNGUARDED_AVAILABILITY = YES_AGGRESSIVE;
				CLANG_WARN_UNREACHABLE_CODE = YES;
				CLANG_WARN__DUPLICATE_METHOD_MATCH = YES;
				COPY_PHASE_STRIP = NO;
				DEBUG_INFORMATION_FORMAT = "dwarf-with-dsym";
				ENABLE_NS_ASSERTIONS = NO;
				ENABLE_STRICT_OBJC_MSGSEND = YES;
				GCC_C_LANGUAGE_STANDARD = gnu11;
				GCC_NO_COMMON_BLOCKS = YES;
				GCC_WARN_64_TO_32_BIT_CONVERSION = YES;
				GCC_WARN_ABOUT_RETURN_TYPE = YES_ERROR;
				GCC_WARN_UNDECLARED_SELECTOR = YES;
				GCC_WARN_UNINITIALIZED_AUTOS = YES_AGGRESSIVE;
				GCC_WARN_UNUSED_FUNCTION = YES;
				GCC_WARN_UNUSED_VARIABLE = YES;
				IPHONEOS_DEPLOYMENT_TARGET = 14.5;
				MTL_ENABLE_DEBUG_INFO = NO;
				MTL_FAST_MATH = YES;
				SDKROOT = iphoneos;
				SWIFT_COMPILATION_MODE = wholemodule;
				SWIFT_OPTIMIZATION_LEVEL = "-O";
				VALIDATE_PRODUCT = YES;
			};
			name = Release;
		};
		67C9F9F126A62817009140E8 /* Debug */ = {
			isa = XCBuildConfiguration;
			buildSettings = {
				ASSETCATALOG_COMPILER_APPICON_NAME = AppIcon;
				ASSETCATALOG_COMPILER_GLOBAL_ACCENT_COLOR_NAME = AccentColor;
				CODE_SIGN_STYLE = Automatic;
				DEVELOPMENT_TEAM = FD53M4BR3B;
				INFOPLIST_FILE = "SeatGeek-CodingChallenge/Resources/Info.plist";
				LD_RUNPATH_SEARCH_PATHS = (
					"$(inherited)",
					"@executable_path/Frameworks",
				);
				PRODUCT_BUNDLE_IDENTIFIER = "com.JWR.SeatGeek-CodingChallenge";
				PRODUCT_NAME = "$(TARGET_NAME)";
				SWIFT_VERSION = 5.0;
				TARGETED_DEVICE_FAMILY = "1,2";
			};
			name = Debug;
		};
		67C9F9F226A62817009140E8 /* Release */ = {
			isa = XCBuildConfiguration;
			buildSettings = {
				ASSETCATALOG_COMPILER_APPICON_NAME = AppIcon;
				ASSETCATALOG_COMPILER_GLOBAL_ACCENT_COLOR_NAME = AccentColor;
				CODE_SIGN_STYLE = Automatic;
				DEVELOPMENT_TEAM = FD53M4BR3B;
				INFOPLIST_FILE = "SeatGeek-CodingChallenge/Resources/Info.plist";
				LD_RUNPATH_SEARCH_PATHS = (
					"$(inherited)",
					"@executable_path/Frameworks",
				);
				PRODUCT_BUNDLE_IDENTIFIER = "com.JWR.SeatGeek-CodingChallenge";
				PRODUCT_NAME = "$(TARGET_NAME)";
				SWIFT_VERSION = 5.0;
				TARGETED_DEVICE_FAMILY = "1,2";
			};
			name = Release;
		};
/* End XCBuildConfiguration section */

/* Begin XCConfigurationList section */
		67C9F9D726A62816009140E8 /* Build configuration list for PBXProject "SeatGeek-CodingChallenge" */ = {
			isa = XCConfigurationList;
			buildConfigurations = (
				67C9F9EE26A62817009140E8 /* Debug */,
				67C9F9EF26A62817009140E8 /* Release */,
			);
			defaultConfigurationIsVisible = 0;
			defaultConfigurationName = Release;
		};
		67C9F9F026A62817009140E8 /* Build configuration list for PBXNativeTarget "SeatGeek-CodingChallenge" */ = {
			isa = XCConfigurationList;
			buildConfigurations = (
				67C9F9F126A62817009140E8 /* Debug */,
				67C9F9F226A62817009140E8 /* Release */,
			);
			defaultConfigurationIsVisible = 0;
			defaultConfigurationName = Release;
		};
/* End XCConfigurationList section */
	};
	rootObject = 67C9F9D426A62816009140E8 /* Project object */;
}
